
Microsoft Visual Studio Solution File, Format Version 12.00
# Visual Studio 14
VisualStudioVersion = 14.0.24720.0
MinimumVisualStudioVersion = 10.0.40219.1
Project("{FAE04EC0-301F-11D3-BF4B-00C04F79EFBC}") = "dataparser", "dataparser\dataparser.csproj", "{DC3403DA-6A7F-45B3-8C85-8D29B3FA592F}"
EndProject
Global
	GlobalSection(SolutionConfigurationPlatforms) = preSolution
		Debug|Any CPU = Debug|Any CPU
		Release|Any CPU = Release|Any CPU
	EndGlobalSection
	GlobalSection(ProjectConfigurationPlatforms) = postSolution
		{DC3403DA-6A7F-45B3-8C85-8D29B3FA592F}.Debug|Any CPU.ActiveCfg = Debug|Any CPU
		{DC3403DA-6A7F-45B3-8C85-8D29B3FA592F}.Debug|Any CPU.Build.0 = Debug|Any CPU
		{DC3403DA-6A7F-45B3-8C85-8D29B3FA592F}.Release|Any CPU.ActiveCfg = Release|Any CPU
		{DC3403DA-6A7F-45B3-8C85-8D29B3FA592F}.Release|Any CPU.Build.0 = Release|Any CPU
	EndGlobalSection
	GlobalSection(SolutionProperties) = preSolution
		HideSolutionNode = FALSE
	EndGlobalSection
EndGlobal
